
Microsoft Visual Studio Solution File, Format Version 12.00
# Visual Studio Version 17
VisualStudioVersion = 17.0.31903.59
MinimumVisualStudioVersion = 10.0.40219.1
Project("{FAE04EC0-301F-11D3-BF4B-00C04F79EFBC}") = "ChatService", "ChatService\ChatService.csproj", "{FD33C377-0539-4AC7-8DC4-51123D2BE4E1}"
EndProject
Project("{FAE04EC0-301F-11D3-BF4B-00C04F79EFBC}") = "FacilityService", "FacilityService\FacilityService.csproj", "{C45DE9B8-95F5-4C47-A562-2DB61DFA10F7}"
EndProject
Project("{FAE04EC0-301F-11D3-BF4B-00C04F79EFBC}") = "SubscriptionsService", "SubscriptionsService\SubscriptionsService.csproj", "{D326933B-E06C-4403-B64D-073960F72470}"
EndProject
Project("{FAE04EC0-301F-11D3-BF4B-00C04F79EFBC}") = "UserService", "UserService\UserService.csproj", "{62327D8B-4D86-4CD3-AC12-B90D0D914FAB}"
EndProject
Global
	GlobalSection(SolutionConfigurationPlatforms) = preSolution
		Debug|Any CPU = Debug|Any CPU
		Debug|x64 = Debug|x64
		Debug|x86 = Debug|x86
		Release|Any CPU = Release|Any CPU
		Release|x64 = Release|x64
		Release|x86 = Release|x86
	EndGlobalSection
	GlobalSection(ProjectConfigurationPlatforms) = postSolution
		{FD33C377-0539-4AC7-8DC4-51123D2BE4E1}.Debug|Any CPU.ActiveCfg = Debug|Any CPU
		{FD33C377-0539-4AC7-8DC4-51123D2BE4E1}.Debug|Any CPU.Build.0 = Debug|Any CPU
		{FD33C377-0539-4AC7-8DC4-51123D2BE4E1}.Debug|x64.ActiveCfg = Debug|Any CPU
		{FD33C377-0539-4AC7-8DC4-51123D2BE4E1}.Debug|x64.Build.0 = Debug|Any CPU
		{FD33C377-0539-4AC7-8DC4-51123D2BE4E1}.Debug|x86.ActiveCfg = Debug|Any CPU
		{FD33C377-0539-4AC7-8DC4-51123D2BE4E1}.Debug|x86.Build.0 = Debug|Any CPU
		{FD33C377-0539-4AC7-8DC4-51123D2BE4E1}.Release|Any CPU.ActiveCfg = Release|Any CPU
		{FD33C377-0539-4AC7-8DC4-51123D2BE4E1}.Release|Any CPU.Build.0 = Release|Any CPU
		{FD33C377-0539-4AC7-8DC4-51123D2BE4E1}.Release|x64.ActiveCfg = Release|Any CPU
		{FD33C377-0539-4AC7-8DC4-51123D2BE4E1}.Release|x64.Build.0 = Release|Any CPU
		{FD33C377-0539-4AC7-8DC4-51123D2BE4E1}.Release|x86.ActiveCfg = Release|Any CPU
		{FD33C377-0539-4AC7-8DC4-51123D2BE4E1}.Release|x86.Build.0 = Release|Any CPU
		{C45DE9B8-95F5-4C47-A562-2DB61DFA10F7}.Debug|Any CPU.ActiveCfg = Debug|Any CPU
		{C45DE9B8-95F5-4C47-A562-2DB61DFA10F7}.Debug|Any CPU.Build.0 = Debug|Any CPU
		{C45DE9B8-95F5-4C47-A562-2DB61DFA10F7}.Debug|x64.ActiveCfg = Debug|Any CPU
		{C45DE9B8-95F5-4C47-A562-2DB61DFA10F7}.Debug|x64.Build.0 = Debug|Any CPU
		{C45DE9B8-95F5-4C47-A562-2DB61DFA10F7}.Debug|x86.ActiveCfg = Debug|Any CPU
		{C45DE9B8-95F5-4C47-A562-2DB61DFA10F7}.Debug|x86.Build.0 = Debug|Any CPU
		{C45DE9B8-95F5-4C47-A562-2DB61DFA10F7}.Release|Any CPU.ActiveCfg = Release|Any CPU
		{C45DE9B8-95F5-4C47-A562-2DB61DFA10F7}.Release|Any CPU.Build.0 = Release|Any CPU
		{C45DE9B8-95F5-4C47-A562-2DB61DFA10F7}.Release|x64.ActiveCfg = Release|Any CPU
		{C45DE9B8-95F5-4C47-A562-2DB61DFA10F7}.Release|x64.Build.0 = Release|Any CPU
		{C45DE9B8-95F5-4C47-A562-2DB61DFA10F7}.Release|x86.ActiveCfg = Release|Any CPU
		{C45DE9B8-95F5-4C47-A562-2DB61DFA10F7}.Release|x86.Build.0 = Release|Any CPU
		{D326933B-E06C-4403-B64D-073960F72470}.Debug|Any CPU.ActiveCfg = Debug|Any CPU
		{D326933B-E06C-4403-B64D-073960F72470}.Debug|Any CPU.Build.0 = Debug|Any CPU
		{D326933B-E06C-4403-B64D-073960F72470}.Debug|x64.ActiveCfg = Debug|Any CPU
		{D326933B-E06C-4403-B64D-073960F72470}.Debug|x64.Build.0 = Debug|Any CPU
		{D326933B-E06C-4403-B64D-073960F72470}.Debug|x86.ActiveCfg = Debug|Any CPU
		{D326933B-E06C-4403-B64D-073960F72470}.Debug|x86.Build.0 = Debug|Any CPU
		{D326933B-E06C-4403-B64D-073960F72470}.Release|Any CPU.ActiveCfg = Release|Any CPU
		{D326933B-E06C-4403-B64D-073960F72470}.Release|Any CPU.Build.0 = Release|Any CPU
		{D326933B-E06C-4403-B64D-073960F72470}.Release|x64.ActiveCfg = Release|Any CPU
		{D326933B-E06C-4403-B64D-073960F72470}.Release|x64.Build.0 = Release|Any CPU
		{D326933B-E06C-4403-B64D-073960F72470}.Release|x86.ActiveCfg = Release|Any CPU
		{D326933B-E06C-4403-B64D-073960F72470}.Release|x86.Build.0 = Release|Any CPU
		{62327D8B-4D86-4CD3-AC12-B90D0D914FAB}.Debug|Any CPU.ActiveCfg = Debug|Any CPU
		{62327D8B-4D86-4CD3-AC12-B90D0D914FAB}.Debug|Any CPU.Build.0 = Debug|Any CPU
		{62327D8B-4D86-4CD3-AC12-B90D0D914FAB}.Debug|x64.ActiveCfg = Debug|Any CPU
		{62327D8B-4D86-4CD3-AC12-B90D0D914FAB}.Debug|x64.Build.0 = Debug|Any CPU
		{62327D8B-4D86-4CD3-AC12-B90D0D914FAB}.Debug|x86.ActiveCfg = Debug|Any CPU
		{62327D8B-4D86-4CD3-AC12-B90D0D914FAB}.Debug|x86.Build.0 = Debug|Any CPU
		{62327D8B-4D86-4CD3-AC12-B90D0D914FAB}.Release|Any CPU.ActiveCfg = Release|Any CPU
		{62327D8B-4D86-4CD3-AC12-B90D0D914FAB}.Release|Any CPU.Build.0 = Release|Any CPU
		{62327D8B-4D86-4CD3-AC12-B90D0D914FAB}.Release|x64.ActiveCfg = Release|Any CPU
		{62327D8B-4D86-4CD3-AC12-B90D0D914FAB}.Release|x64.Build.0 = Release|Any CPU
		{62327D8B-4D86-4CD3-AC12-B90D0D914FAB}.Release|x86.ActiveCfg = Release|Any CPU
		{62327D8B-4D86-4CD3-AC12-B90D0D914FAB}.Release|x86.Build.0 = Release|Any CPU
	EndGlobalSection
	GlobalSection(SolutionProperties) = preSolution
		HideSolutionNode = FALSE
	EndGlobalSection
EndGlobal
